
Microsoft Visual Studio Solution File, Format Version 12.00
# Visual Studio Version 17
VisualStudioVersion = 17.7.34024.191
MinimumVisualStudioVersion = 10.0.40219.1
Project("{FAE04EC0-301F-11D3-BF4B-00C04F79EFBC}") = "EncapsulationProgram", "EncapsulationProgram\EncapsulationProgram.csproj", "{11F480A5-C99A-40B7-9016-9A0AD761F644}"
EndProject
Global
	GlobalSection(SolutionConfigurationPlatforms) = preSolution
		Debug|Any CPU = Debug|Any CPU
		Release|Any CPU = Release|Any CPU
	EndGlobalSection
	GlobalSection(ProjectConfigurationPlatforms) = postSolution
		{11F480A5-C99A-40B7-9016-9A0AD761F644}.Debug|Any CPU.ActiveCfg = Debug|Any CPU
		{11F480A5-C99A-40B7-9016-9A0AD761F644}.Debug|Any CPU.Build.0 = Debug|Any CPU
		{11F480A5-C99A-40B7-9016-9A0AD761F644}.Release|Any CPU.ActiveCfg = Release|Any CPU
		{11F480A5-C99A-40B7-9016-9A0AD761F644}.Release|Any CPU.Build.0 = Release|Any CPU
	EndGlobalSection
	GlobalSection(SolutionProperties) = preSolution
		HideSolutionNode = FALSE
	EndGlobalSection
	GlobalSection(ExtensibilityGlobals) = postSolution
		SolutionGuid = {6E412B27-77DA-488D-AFCF-A2C0D526E8CA}
	EndGlobalSection
EndGlobal
